<?xml version="1.0" encoding="utf-8"?>
<Project ToolsVersion="4.0" xmlns="http://schemas.microsoft.com/developer/msbuild/2003">
  <ItemGroup>
    <Filter Include="Source Files">
      <UniqueIdentifier>{4FC737F1-C7A5-4376-A066-2A32D752A2FF}</UniqueIdentifier>
      <Extensions>cpp;c;cc;cxx;def;odl;idl;hpj;bat;asm;asmx</Extensions>
    </Filter>
    <Filter Include="Source Files\logger">
      <UniqueIdentifier>{667cf5f7-4bdb-4150-a25a-ce5c9d297cd9}</UniqueIdentifier>
    </Filter>
  </ItemGroup>
  <ItemGroup>
    <ClInclude Include="logger\FileLogger.h">
      <Filter>Source Files\logger</Filter>
    </ClInclude>
    <ClInclude Include="logger\Log.h">
      <Filter>Source Files\logger</Filter>
    </ClInclude>
    <ClInclude Include="logger\Logger.h">
      <Filter>Source Files\logger</Filter>
    </ClInclude>
    <ClInclude Include="logger\StdOutLogger.h">
      <Filter>Source Files\logger</Filter>
    </ClInclude>
    <ClInclude Include="Primitives.h">
      <Filter>Source Files</Filter>
    </ClInclude>
    <ClInclude Include="qlobal.h">
      <Filter>Source Files</Filter>
    </ClInclude>
    <ClInclude Include="Qtils.h">
      <Filter>Source Files</Filter>
    </ClInclude>
    <ClInclude Include="QtilsApi.h">
      <Filter>Source Files</Filter>
    </ClInclude>
    <ClInclude Include="RandomUtils.h">
      <Filter>Source Files</Filter>
    </ClInclude>
    <ClInclude Include="StringUtils.h">
      <Filter>Source Files</Filter>
    </ClInclude>
    <ClInclude Include="SystemUtils.h">
      <Filter>Source Files</Filter>
    </ClInclude>
    <ClInclude Include="Templates.h">
      <Filter>Source Files</Filter>
    </ClInclude>
    <ClInclude Include="Thread.h">
      <Filter>Source Files</Filter>
    </ClInclude>
    <ClInclude Include="TimeUtils.h">
      <Filter>Source Files</Filter>
    </ClInclude>
    <ClInclude Include="VORegistry.h">
      <Filter>Source Files</Filter>
    </ClInclude>
    <ClInclude Include="AlignedAllocator.h">
      <Filter>Source Files</Filter>
    </ClInclude>
    <ClInclude Include="ArrayUtils.h">
      <Filter>Source Files</Filter>
    </ClInclude>
    <ClInclude Include="Config.h">
      <Filter>Source Files</Filter>
    </ClInclude>
    <ClInclude Include="FileUtils.h">
      <Filter>Source Files</Filter>
    </ClInclude>
    <ClInclude Include="glibc_s.h">
      <Filter>Source Files</Filter>
    </ClInclude>
  </ItemGroup>
  <ItemGroup>
    <ClCompile Include="logger\FileLogger.cpp">
      <Filter>Source Files\logger</Filter>
    </ClCompile>
    <ClCompile Include="logger\Logger.cpp">
      <Filter>Source Files\logger</Filter>
    </ClCompile>
    <ClCompile Include="logger\StdOutLogger.cpp">
      <Filter>Source Files\logger</Filter>
    </ClCompile>
    <ClCompile Include="Primitives.cpp">
      <Filter>Source Files</Filter>
    </ClCompile>
    <ClCompile Include="RandomUtils.cpp">
      <Filter>Source Files</Filter>
    </ClCompile>
    <ClCompile Include="StringUtils.cpp">
      <Filter>Source Files</Filter>
    </ClCompile>
    <ClCompile Include="SystemUtils.cpp">
      <Filter>Source Files</Filter>
    </ClCompile>
    <ClCompile Include="Thread.cpp">
      <Filter>Source Files</Filter>
    </ClCompile>
    <ClCompile Include="TimeUtils.cpp">
      <Filter>Source Files</Filter>
    </ClCompile>
    <ClCompile Include="VORegistry.cpp">
      <Filter>Source Files</Filter>
    </ClCompile>
    <ClCompile Include="ArrayUtils.cpp">
      <Filter>Source Files</Filter>
    </ClCompile>
    <ClCompile Include="Config.cpp">
      <Filter>Source Files</Filter>
    </ClCompile>
    <ClCompile Include="FileUtils.cpp">
      <Filter>Source Files</Filter>
    </ClCompile>
    <ClCompile Include="glibc_s.cpp">
      <Filter>Source Files</Filter>
    </ClCompile>
  </ItemGroup>
</Project>